
Microsoft Visual Studio Solution File, Format Version 12.00
# Visual Studio 15
Project("{FAE04EC0-301F-11D3-BF4B-00C04F79EFBC}") = "Assembly-CSharp", "Assembly-CSharp.csproj", "{631DF9BA-BB8B-A880-5937-587E4E908A9C}"
EndProject
Project("{FAE04EC0-301F-11D3-BF4B-00C04F79EFBC}") = "Assembly-CSharp-Editor", "Assembly-CSharp-Editor.csproj", "{5A552162-1F1B-7128-29C8-5B3CC2D0A60F}"
EndProject
Global
	GlobalSection(SolutionConfigurationPlatforms) = preSolution
		Debug|Any CPU = Debug|Any CPU
		Release|Any CPU = Release|Any CPU
	EndGlobalSection
	GlobalSection(ProjectConfigurationPlatforms) = postSolution
		{631DF9BA-BB8B-A880-5937-587E4E908A9C}.Debug|Any CPU.ActiveCfg = Debug|Any CPU
		{631DF9BA-BB8B-A880-5937-587E4E908A9C}.Debug|Any CPU.Build.0 = Debug|Any CPU
		{631DF9BA-BB8B-A880-5937-587E4E908A9C}.Release|Any CPU.ActiveCfg = Release|Any CPU
		{631DF9BA-BB8B-A880-5937-587E4E908A9C}.Release|Any CPU.Build.0 = Release|Any CPU
		{5A552162-1F1B-7128-29C8-5B3CC2D0A60F}.Debug|Any CPU.ActiveCfg = Debug|Any CPU
		{5A552162-1F1B-7128-29C8-5B3CC2D0A60F}.Debug|Any CPU.Build.0 = Debug|Any CPU
		{5A552162-1F1B-7128-29C8-5B3CC2D0A60F}.Release|Any CPU.ActiveCfg = Release|Any CPU
		{5A552162-1F1B-7128-29C8-5B3CC2D0A60F}.Release|Any CPU.Build.0 = Release|Any CPU
	EndGlobalSection
	GlobalSection(SolutionProperties) = preSolution
		HideSolutionNode = FALSE
	EndGlobalSection
EndGlobal
